
Microsoft Visual Studio Solution File, Format Version 12.00
# Visual Studio 15
VisualStudioVersion = 15.0.26730.8
MinimumVisualStudioVersion = 10.0.40219.1
Project("{8BC9CEB8-8B4A-11D0-8D11-00A0C91BC942}") = "ADMM", "ADMM\ADMM.vcxproj", "{76FA02BF-75DD-4D8A-B5FF-6A7AB0FC0FF6}"
EndProject
Project("{8BC9CEB8-8B4A-11D0-8D11-00A0C91BC942}") = "CoCoA", "CoCoA\CoCoA.vcxproj", "{F89C5840-56E1-44E0-BD0A-BB0CD148FA50}"
EndProject
Project("{8BC9CEB8-8B4A-11D0-8D11-00A0C91BC942}") = "ParaGD", "ParaGD\ParaGD.vcxproj", "{11B2F89C-DD5F-4794-A9F3-4F2E6DE97AEF}"
EndProject
Project("{8BC9CEB8-8B4A-11D0-8D11-00A0C91BC942}") = "ParaAG", "ParaAG\ParaAG.vcxproj", "{6AFE5531-25BD-4F1A-9EFB-D8F0D6FB65A8}"
EndProject
Project("{8BC9CEB8-8B4A-11D0-8D11-00A0C91BC942}") = "DiSCO", "DiSCO\DiSCO.vcxproj", "{5625F5FF-AB0A-4280-888D-0360DE536AAB}"
EndProject
Project("{8BC9CEB8-8B4A-11D0-8D11-00A0C91BC942}") = "DANE", "DANE\DANE.vcxproj", "{C1DABEDF-1897-4F3C-BE48-71AD1F28BC3C}"
EndProject
Project("{8BC9CEB8-8B4A-11D0-8D11-00A0C91BC942}") = "Spmatrix", "C_Spmatrix\Spmatrix.vcxproj", "{729EBD36-B931-4FB6-B694-3BD38429D5D4}"
EndProject
Global
	GlobalSection(SolutionConfigurationPlatforms) = preSolution
		Debug|x64 = Debug|x64
		Debug|x86 = Debug|x86
		Release|x64 = Release|x64
		Release|x86 = Release|x86
	EndGlobalSection
	GlobalSection(ProjectConfigurationPlatforms) = postSolution
		{76FA02BF-75DD-4D8A-B5FF-6A7AB0FC0FF6}.Debug|x64.ActiveCfg = Debug|x64
		{76FA02BF-75DD-4D8A-B5FF-6A7AB0FC0FF6}.Debug|x64.Build.0 = Debug|x64
		{76FA02BF-75DD-4D8A-B5FF-6A7AB0FC0FF6}.Debug|x86.ActiveCfg = Debug|Win32
		{76FA02BF-75DD-4D8A-B5FF-6A7AB0FC0FF6}.Debug|x86.Build.0 = Debug|Win32
		{76FA02BF-75DD-4D8A-B5FF-6A7AB0FC0FF6}.Release|x64.ActiveCfg = Release|x64
		{76FA02BF-75DD-4D8A-B5FF-6A7AB0FC0FF6}.Release|x64.Build.0 = Release|x64
		{76FA02BF-75DD-4D8A-B5FF-6A7AB0FC0FF6}.Release|x86.ActiveCfg = Release|Win32
		{76FA02BF-75DD-4D8A-B5FF-6A7AB0FC0FF6}.Release|x86.Build.0 = Release|Win32
		{F89C5840-56E1-44E0-BD0A-BB0CD148FA50}.Debug|x64.ActiveCfg = Debug|x64
		{F89C5840-56E1-44E0-BD0A-BB0CD148FA50}.Debug|x64.Build.0 = Debug|x64
		{F89C5840-56E1-44E0-BD0A-BB0CD148FA50}.Debug|x86.ActiveCfg = Debug|Win32
		{F89C5840-56E1-44E0-BD0A-BB0CD148FA50}.Debug|x86.Build.0 = Debug|Win32
		{F89C5840-56E1-44E0-BD0A-BB0CD148FA50}.Release|x64.ActiveCfg = Release|x64
		{F89C5840-56E1-44E0-BD0A-BB0CD148FA50}.Release|x64.Build.0 = Release|x64
		{F89C5840-56E1-44E0-BD0A-BB0CD148FA50}.Release|x86.ActiveCfg = Release|Win32
		{F89C5840-56E1-44E0-BD0A-BB0CD148FA50}.Release|x86.Build.0 = Release|Win32
		{11B2F89C-DD5F-4794-A9F3-4F2E6DE97AEF}.Debug|x64.ActiveCfg = Debug|x64
		{11B2F89C-DD5F-4794-A9F3-4F2E6DE97AEF}.Debug|x64.Build.0 = Debug|x64
		{11B2F89C-DD5F-4794-A9F3-4F2E6DE97AEF}.Debug|x86.ActiveCfg = Debug|Win32
		{11B2F89C-DD5F-4794-A9F3-4F2E6DE97AEF}.Debug|x86.Build.0 = Debug|Win32
		{11B2F89C-DD5F-4794-A9F3-4F2E6DE97AEF}.Release|x64.ActiveCfg = Release|x64
		{11B2F89C-DD5F-4794-A9F3-4F2E6DE97AEF}.Release|x64.Build.0 = Release|x64
		{11B2F89C-DD5F-4794-A9F3-4F2E6DE97AEF}.Release|x86.ActiveCfg = Release|Win32
		{11B2F89C-DD5F-4794-A9F3-4F2E6DE97AEF}.Release|x86.Build.0 = Release|Win32
		{6AFE5531-25BD-4F1A-9EFB-D8F0D6FB65A8}.Debug|x64.ActiveCfg = Debug|x64
		{6AFE5531-25BD-4F1A-9EFB-D8F0D6FB65A8}.Debug|x64.Build.0 = Debug|x64
		{6AFE5531-25BD-4F1A-9EFB-D8F0D6FB65A8}.Debug|x86.ActiveCfg = Debug|Win32
		{6AFE5531-25BD-4F1A-9EFB-D8F0D6FB65A8}.Debug|x86.Build.0 = Debug|Win32
		{6AFE5531-25BD-4F1A-9EFB-D8F0D6FB65A8}.Release|x64.ActiveCfg = Release|x64
		{6AFE5531-25BD-4F1A-9EFB-D8F0D6FB65A8}.Release|x64.Build.0 = Release|x64
		{6AFE5531-25BD-4F1A-9EFB-D8F0D6FB65A8}.Release|x86.ActiveCfg = Release|Win32
		{6AFE5531-25BD-4F1A-9EFB-D8F0D6FB65A8}.Release|x86.Build.0 = Release|Win32
		{5625F5FF-AB0A-4280-888D-0360DE536AAB}.Debug|x64.ActiveCfg = Debug|x64
		{5625F5FF-AB0A-4280-888D-0360DE536AAB}.Debug|x64.Build.0 = Debug|x64
		{5625F5FF-AB0A-4280-888D-0360DE536AAB}.Debug|x86.ActiveCfg = Debug|Win32
		{5625F5FF-AB0A-4280-888D-0360DE536AAB}.Debug|x86.Build.0 = Debug|Win32
		{5625F5FF-AB0A-4280-888D-0360DE536AAB}.Release|x64.ActiveCfg = Release|x64
		{5625F5FF-AB0A-4280-888D-0360DE536AAB}.Release|x64.Build.0 = Release|x64
		{5625F5FF-AB0A-4280-888D-0360DE536AAB}.Release|x86.ActiveCfg = Release|Win32
		{5625F5FF-AB0A-4280-888D-0360DE536AAB}.Release|x86.Build.0 = Release|Win32
		{C1DABEDF-1897-4F3C-BE48-71AD1F28BC3C}.Debug|x64.ActiveCfg = Debug|x64
		{C1DABEDF-1897-4F3C-BE48-71AD1F28BC3C}.Debug|x64.Build.0 = Debug|x64
		{C1DABEDF-1897-4F3C-BE48-71AD1F28BC3C}.Debug|x86.ActiveCfg = Debug|Win32
		{C1DABEDF-1897-4F3C-BE48-71AD1F28BC3C}.Debug|x86.Build.0 = Debug|Win32
		{C1DABEDF-1897-4F3C-BE48-71AD1F28BC3C}.Release|x64.ActiveCfg = Release|x64
		{C1DABEDF-1897-4F3C-BE48-71AD1F28BC3C}.Release|x64.Build.0 = Release|x64
		{C1DABEDF-1897-4F3C-BE48-71AD1F28BC3C}.Release|x86.ActiveCfg = Release|Win32
		{C1DABEDF-1897-4F3C-BE48-71AD1F28BC3C}.Release|x86.Build.0 = Release|Win32
		{729EBD36-B931-4FB6-B694-3BD38429D5D4}.Debug|x64.ActiveCfg = Debug|Win32
		{729EBD36-B931-4FB6-B694-3BD38429D5D4}.Debug|x86.ActiveCfg = Debug|Win32
		{729EBD36-B931-4FB6-B694-3BD38429D5D4}.Debug|x86.Build.0 = Debug|Win32
		{729EBD36-B931-4FB6-B694-3BD38429D5D4}.Release|x64.ActiveCfg = Release|Win32
		{729EBD36-B931-4FB6-B694-3BD38429D5D4}.Release|x86.ActiveCfg = Release|Win32
		{729EBD36-B931-4FB6-B694-3BD38429D5D4}.Release|x86.Build.0 = Release|Win32
	EndGlobalSection
	GlobalSection(SolutionProperties) = preSolution
		HideSolutionNode = FALSE
	EndGlobalSection
	GlobalSection(ExtensibilityGlobals) = postSolution
		SolutionGuid = {53CC80D2-85F9-430F-8BEE-5A3F752CE6C2}
	EndGlobalSection
EndGlobal
